{
  "nodes": {
    "iot-lab": {
      "flake": false,
      "locked": {
        "lastModified": 1557303261,
        "narHash": "sha256-wGhi2T2u7k/GQHXaUXq6ohffTOk9trerDEIKqAp0FYU=",
        "owner": "iot-lab",
        "repo": "iot-lab",
        "rev": "7ad7ac161816e3137039ab9d6a3c91fc23c6d2ba",
        "type": "github"
      },
      "original": {
        "owner": "iot-lab",
        "repo": "iot-lab",
        "type": "github"
      }
    },
    "iotlabcli": {
      "inputs": {
        "nixpkgs": "nixpkgs"
      },
      "locked": {
        "lastModified": 1624183019,
        "narHash": "sha256-C0mnY0wbgeNxXNwD5qGxrDApyM+0dJdY2rUxGG7nOTE=",
        "owner": "sisyphe-re",
        "repo": "iotlabcli",
        "rev": "d6efe6ae21c31f204fd6cde1ed9685e7e1e02f1b",
        "type": "github"
      },
      "original": {
        "owner": "sisyphe-re",
        "repo": "iotlabcli",
        "type": "github"
      }
    },
    "nixpkgs": {
      "locked": {
        "lastModified": 1623961232,
        "narHash": "sha256-5X5v37GTBFdQnc3rvbSPJyAtO+/z1wHZF3Kz61g2Mx4=",
        "owner": "NixOS",
        "repo": "nixpkgs",
        "rev": "bad3ccd099ebe9a8aa017bda8500ab02787d90aa",
        "type": "github"
      },
      "original": {
        "owner": "NixOS",
        "ref": "nixos-21.05",
        "repo": "nixpkgs",
        "type": "github"
      }
    },
    "nixpkgs_2": {
      "locked": {
        "lastModified": 1620055814,
        "narHash": "sha256-8LEHoYSJiL901bTMVatq+rf8y7QtWuZhwwpKE2fyaRY=",
        "owner": "NixOS",
        "repo": "nixpkgs",
        "rev": "1db42b7fe3878f3f5f7a4f2dc210772fd080e205",
        "type": "github"
      },
      "original": {
        "owner": "NixOS",
        "ref": "nixos-20.03",
        "repo": "nixpkgs",
        "type": "github"
      }
    },
    "root": {
      "inputs": {
        "iot-lab": "iot-lab",
        "iotlabcli": "iotlabcli",
        "nixpkgs": "nixpkgs_2",
        "traces": "traces"
      }
    },
    "traces": {
      "flake": false,
      "locked": {
        "lastModified": 1625737702,
        "narHash": "sha256-jq/yYqjQnCGxSMtOPDl66dbgBhusxcgMa2C4xaUXU/A=",
        "owner": "sisyphe-re",
        "repo": "traces",
        "rev": "d18a4f01708bd7ea0ae9570172ed262e8b83c241",
        "type": "github"
      },
      "original": {
        "owner": "sisyphe-re",
        "repo": "traces",
        "type": "github"
      }
    }
  },
  "root": "root",
  "version": 7
}
